
Microsoft Visual Studio Solution File, Format Version 12.00
# Visual Studio Version 17
VisualStudioVersion = 17.7.34024.191
MinimumVisualStudioVersion = 10.0.40219.1
Project("{FAE04EC0-301F-11D3-BF4B-00C04F79EFBC}") = "Scope", "Scope.csproj", "{340EC154-7E95-46B6-B185-F6034F728FA8}"
EndProject
Global
	GlobalSection(SolutionConfigurationPlatforms) = preSolution
		Debug|Any CPU = Debug|Any CPU
		Release|Any CPU = Release|Any CPU
	EndGlobalSection
	GlobalSection(ProjectConfigurationPlatforms) = postSolution
		{340EC154-7E95-46B6-B185-F6034F728FA8}.Debug|Any CPU.ActiveCfg = Debug|Any CPU
		{340EC154-7E95-46B6-B185-F6034F728FA8}.Debug|Any CPU.Build.0 = Debug|Any CPU
		{340EC154-7E95-46B6-B185-F6034F728FA8}.Release|Any CPU.ActiveCfg = Release|Any CPU
		{340EC154-7E95-46B6-B185-F6034F728FA8}.Release|Any CPU.Build.0 = Release|Any CPU
	EndGlobalSection
	GlobalSection(SolutionProperties) = preSolution
		HideSolutionNode = FALSE
	EndGlobalSection
	GlobalSection(ExtensibilityGlobals) = postSolution
		SolutionGuid = {098BAEEC-349E-48AB-9DDE-5E27CAD6A2B7}
	EndGlobalSection
EndGlobal
